<?xml version="1.0"?>
<CONFIG>
  <ProjectOptions>
    <Version Value="9"/>
    <PathDelim Value="\"/>
    <General>
      <Flags>
        <SaveClosedFiles Value="False"/>
      </Flags>
      <SessionStorage Value="InProjectDir"/>
      <MainUnit Value="0"/>
      <Title Value="lang_tests"/>
      <ResourceType Value="res"/>
      <UseXPManifest Value="True"/>
      <Icon Value="0"/>
    </General>
    <i18n>
      <EnableI18N LFM="False"/>
    </i18n>
    <VersionInfo>
      <StringTable ProductVersion=""/>
    </VersionInfo>
    <BuildModes Count="1">
      <Item1 Name="Default" Default="True"/>
    </BuildModes>
    <PublishOptions>
      <Version Value="2"/>
      <IncludeFileFilter Value="*.(pas|pp|inc|lfm|lpr|lrs|lpi|lpk|sh|xml)"/>
      <ExcludeFileFilter Value="*.(bak|ppu|o|so);*~;backup"/>
    </PublishOptions>
    <RunParams>
      <local>
        <FormatVersion Value="1"/>
      </local>
    </RunParams>
    <RequiredPackages Count="5">
      <Item1>
        <PackageName Value="dwscript_classeslib"/>
      </Item1>
      <Item2>
        <PackageName Value="dwscript"/>
        <MaxVersion Major="2" Minor="999" Valid="True"/>
        <MinVersion Major="2" Minor="1" Valid="True"/>
      </Item2>
      <Item3>
        <PackageName Value="FPCUnitTestRunner"/>
      </Item3>
      <Item4>
        <PackageName Value="LCL"/>
      </Item4>
      <Item5>
        <PackageName Value="FCL"/>
      </Item5>
    </RequiredPackages>
    <Units Count="12">
      <Unit0>
        <Filename Value="lang_tests.lpr"/>
        <IsPartOfProject Value="True"/>
        <UnitName Value="lang_tests"/>
      </Unit0>
      <Unit1>
        <Filename Value="dws_fpcunit.pas"/>
        <IsPartOfProject Value="True"/>
        <UnitName Value="dws_fpcunit"/>
      </Unit1>
      <Unit2>
        <Filename Value="UTestDispatcher.pas"/>
        <IsPartOfProject Value="True"/>
        <UnitName Value="UTestDispatcher"/>
      </Unit2>
      <Unit3>
        <Filename Value="UAlgorithmsTests.pas"/>
        <IsPartOfProject Value="True"/>
        <UnitName Value="UAlgorithmsTests"/>
      </Unit3>
      <Unit4>
        <Filename Value="UCornerCasesTests.pas"/>
        <IsPartOfProject Value="True"/>
        <UnitName Value="UCornerCasesTests"/>
      </Unit4>
      <Unit5>
        <Filename Value="UdwsFunctionsTests.pas"/>
        <IsPartOfProject Value="True"/>
        <UnitName Value="UdwsFunctionsTests"/>
      </Unit5>
      <Unit6>
        <Filename Value="UdwsUnitTests.pas"/>
        <IsPartOfProject Value="True"/>
        <UnitName Value="UdwsUnitTests"/>
      </Unit6>
      <Unit7>
        <Filename Value="UdwsUtilsTests.pas"/>
        <IsPartOfProject Value="True"/>
        <UnitName Value="UdwsUtilsTests"/>
      </Unit7>
      <Unit8>
        <Filename Value="UHTMLFilterTests.pas"/>
        <IsPartOfProject Value="True"/>
        <UnitName Value="UHTMLFilterTests"/>
      </Unit8>
      <Unit9>
        <Filename Value="UMemoryTests.pas"/>
        <IsPartOfProject Value="True"/>
        <UnitName Value="UMemoryTests"/>
      </Unit9>
      <Unit10>
        <Filename Value="UScriptTests.pas"/>
        <IsPartOfProject Value="True"/>
        <UnitName Value="UScriptTests"/>
      </Unit10>
      <Unit11>
        <Filename Value="UdwsClassesTests.pas"/>
        <IsPartOfProject Value="True"/>
        <UnitName Value="UdwsClassesTests"/>
      </Unit11>
    </Units>
  </ProjectOptions>
  <CompilerOptions>
    <Version Value="10"/>
    <PathDelim Value="\"/>
    <Target>
      <Filename Value=".\lang_tests"/>
    </Target>
    <SearchPaths>
      <IncludeFiles Value="$(ProjOutDir)"/>
      <UnitOutputDirectory Value="units\$(TargetCPU)-$(TargetOS)\$(LazTarget)"/>
    </SearchPaths>
    <Parsing>
      <SyntaxOptions>
        <IncludeAssertionCode Value="True"/>
      </SyntaxOptions>
    </Parsing>
    <CodeGeneration>
      <Checks>
        <IOChecks Value="True"/>
        <RangeChecks Value="True"/>
        <OverflowChecks Value="True"/>
      </Checks>
    </CodeGeneration>
    <Linking>
      <Debugging>
        <GenerateDebugInfo Value="True"/>
        <DebugInfoType Value="dsStabs"/>
        <UseHeaptrc Value="True"/>
      </Debugging>
    </Linking>
    <Other>
      <Verbosity>
        <ShowHints Value="False"/>
      </Verbosity>
      <CompilerMessages>
        <UseMsgFile Value="True"/>
      </CompilerMessages>
      <CompilerPath Value="$(CompPath)"/>
    </Other>
  </CompilerOptions>
  <Debugging>
    <Exceptions Count="10">
      <Item1>
        <Name Value="EAbort"/>
      </Item1>
      <Item2>
        <Name Value="ECodetoolError"/>
      </Item2>
      <Item3>
        <Name Value="EFOpenError"/>
      </Item3>
      <Item4>
        <Name Value="EAssertionFailedError"/>
      </Item4>
      <Item5>
        <Name Value="EScriptError"/>
      </Item5>
      <Item6>
        <Name Value="ECompileError"/>
      </Item6>
      <Item7>
        <Name Value="EScriptException"/>
      </Item7>
      <Item8>
        <Name Value="EConvertError"/>
      </Item8>
      <Item9>
        <Name Value="EHTMLFilterException"/>
      </Item9>
      <Item10>
        <Name Value="EScriptOutOfBounds"/>
      </Item10>
    </Exceptions>
  </Debugging>
</CONFIG>
